
Microsoft Visual Studio Solution File, Format Version 12.00
# Visual Studio 15
VisualStudioVersion = 15.0.26730.15
MinimumVisualStudioVersion = 10.0.40219.1
Project("{FAE04EC0-301F-11D3-BF4B-00C04F79EFBC}") = "api.Test_Project", "api.Test_Project\api.Test_Project.csproj", "{ADB37089-5F22-4BEB-9C51-430B65DF484F}"
EndProject
Global
	GlobalSection(SolutionConfigurationPlatforms) = preSolution
		Debug|Any CPU = Debug|Any CPU
		Release|Any CPU = Release|Any CPU
	EndGlobalSection
	GlobalSection(ProjectConfigurationPlatforms) = postSolution
		{ADB37089-5F22-4BEB-9C51-430B65DF484F}.Debug|Any CPU.ActiveCfg = Debug|Any CPU
		{ADB37089-5F22-4BEB-9C51-430B65DF484F}.Debug|Any CPU.Build.0 = Debug|Any CPU
		{ADB37089-5F22-4BEB-9C51-430B65DF484F}.Release|Any CPU.ActiveCfg = Release|Any CPU
		{ADB37089-5F22-4BEB-9C51-430B65DF484F}.Release|Any CPU.Build.0 = Release|Any CPU
	EndGlobalSection
	GlobalSection(SolutionProperties) = preSolution
		HideSolutionNode = FALSE
	EndGlobalSection
	GlobalSection(ExtensibilityGlobals) = postSolution
		SolutionGuid = {31335FFE-94F9-428E-863D-08D485D1AA53}
	EndGlobalSection
EndGlobal
